
Microsoft Visual Studio Solution File, Format Version 12.00
# Visual Studio Version 17
VisualStudioVersion = 17.7.34031.279
MinimumVisualStudioVersion = 10.0.40219.1
Project("{9A19103F-16F7-4668-BE54-9A1E7A4F7556}") = "Stock.Model", "Stock.Model\Stock.Model.csproj", "{B86CD059-19D8-47FD-97E2-6CB808CAD06E}"
EndProject
Project("{9A19103F-16F7-4668-BE54-9A1E7A4F7556}") = "Stock.Repository", "Stock.Repository\Stock.Repository.csproj", "{47D8499B-0838-4A83-A918-F65980097D3E}"
EndProject
Project("{9A19103F-16F7-4668-BE54-9A1E7A4F7556}") = "Stock.Api", "Stock.Api\Stock.Api.csproj", "{A47A1C0F-640A-418D-AABF-AABC11C205EE}"
EndProject
Project("{FAE04EC0-301F-11D3-BF4B-00C04F79EFBC}") = "Stock.UI", "Stock.UI\Stock.UI.csproj", "{653436C1-AEB1-466E-B557-BC0587218C6C}"
EndProject
Global
	GlobalSection(SolutionConfigurationPlatforms) = preSolution
		Debug|Any CPU = Debug|Any CPU
		Release|Any CPU = Release|Any CPU
	EndGlobalSection
	GlobalSection(ProjectConfigurationPlatforms) = postSolution
		{B86CD059-19D8-47FD-97E2-6CB808CAD06E}.Debug|Any CPU.ActiveCfg = Debug|Any CPU
		{B86CD059-19D8-47FD-97E2-6CB808CAD06E}.Debug|Any CPU.Build.0 = Debug|Any CPU
		{B86CD059-19D8-47FD-97E2-6CB808CAD06E}.Release|Any CPU.ActiveCfg = Release|Any CPU
		{B86CD059-19D8-47FD-97E2-6CB808CAD06E}.Release|Any CPU.Build.0 = Release|Any CPU
		{47D8499B-0838-4A83-A918-F65980097D3E}.Debug|Any CPU.ActiveCfg = Debug|Any CPU
		{47D8499B-0838-4A83-A918-F65980097D3E}.Debug|Any CPU.Build.0 = Debug|Any CPU
		{47D8499B-0838-4A83-A918-F65980097D3E}.Release|Any CPU.ActiveCfg = Release|Any CPU
		{47D8499B-0838-4A83-A918-F65980097D3E}.Release|Any CPU.Build.0 = Release|Any CPU
		{A47A1C0F-640A-418D-AABF-AABC11C205EE}.Debug|Any CPU.ActiveCfg = Debug|Any CPU
		{A47A1C0F-640A-418D-AABF-AABC11C205EE}.Debug|Any CPU.Build.0 = Debug|Any CPU
		{A47A1C0F-640A-418D-AABF-AABC11C205EE}.Release|Any CPU.ActiveCfg = Release|Any CPU
		{A47A1C0F-640A-418D-AABF-AABC11C205EE}.Release|Any CPU.Build.0 = Release|Any CPU
		{653436C1-AEB1-466E-B557-BC0587218C6C}.Debug|Any CPU.ActiveCfg = Debug|Any CPU
		{653436C1-AEB1-466E-B557-BC0587218C6C}.Debug|Any CPU.Build.0 = Debug|Any CPU
		{653436C1-AEB1-466E-B557-BC0587218C6C}.Release|Any CPU.ActiveCfg = Release|Any CPU
		{653436C1-AEB1-466E-B557-BC0587218C6C}.Release|Any CPU.Build.0 = Release|Any CPU
	EndGlobalSection
	GlobalSection(SolutionProperties) = preSolution
		HideSolutionNode = FALSE
	EndGlobalSection
	GlobalSection(ExtensibilityGlobals) = postSolution
		SolutionGuid = {6C7107A4-4B07-4F37-9F29-A236884D9BC1}
	EndGlobalSection
EndGlobal
